
Microsoft Visual Studio Solution File, Format Version 12.00
# Visual Studio Version 17
VisualStudioVersion = 17.0.31903.59
MinimumVisualStudioVersion = 10.0.40219.1
Project("{FAE04EC0-301F-11D3-BF4B-00C04F79EFBC}") = "ClassVsStruct", "ClassVsStruct\ClassVsStruct.csproj", "{1BDF9185-D8EA-47C3-ABA1-38A613CF424F}"
EndProject
Project("{FAE04EC0-301F-11D3-BF4B-00C04F79EFBC}") = "StructWithRef", "StructWithRef\StructWithRef.csproj", "{D3E0435D-AFCA-424D-9BE0-102B4D4895F4}"
EndProject
Project("{FAE04EC0-301F-11D3-BF4B-00C04F79EFBC}") = "MiniGame", "MiniGame\MiniGame.csproj", "{E5E9836D-1E70-4D9E-9D2B-BFD629B3DB48}"
EndProject
Project("{FAE04EC0-301F-11D3-BF4B-00C04F79EFBC}") = "Polimorfismo", "Polimorfismo\Polimorfismo.csproj", "{CAABCF1A-3A7E-4380-952D-B9BE0C40429B}"
EndProject
Global
	GlobalSection(SolutionConfigurationPlatforms) = preSolution
		Debug|Any CPU = Debug|Any CPU
		Release|Any CPU = Release|Any CPU
	EndGlobalSection
	GlobalSection(SolutionProperties) = preSolution
		HideSolutionNode = FALSE
	EndGlobalSection
	GlobalSection(ProjectConfigurationPlatforms) = postSolution
		{1BDF9185-D8EA-47C3-ABA1-38A613CF424F}.Debug|Any CPU.ActiveCfg = Debug|Any CPU
		{1BDF9185-D8EA-47C3-ABA1-38A613CF424F}.Debug|Any CPU.Build.0 = Debug|Any CPU
		{1BDF9185-D8EA-47C3-ABA1-38A613CF424F}.Release|Any CPU.ActiveCfg = Release|Any CPU
		{1BDF9185-D8EA-47C3-ABA1-38A613CF424F}.Release|Any CPU.Build.0 = Release|Any CPU
		{D3E0435D-AFCA-424D-9BE0-102B4D4895F4}.Debug|Any CPU.ActiveCfg = Debug|Any CPU
		{D3E0435D-AFCA-424D-9BE0-102B4D4895F4}.Debug|Any CPU.Build.0 = Debug|Any CPU
		{D3E0435D-AFCA-424D-9BE0-102B4D4895F4}.Release|Any CPU.ActiveCfg = Release|Any CPU
		{D3E0435D-AFCA-424D-9BE0-102B4D4895F4}.Release|Any CPU.Build.0 = Release|Any CPU
		{E5E9836D-1E70-4D9E-9D2B-BFD629B3DB48}.Debug|Any CPU.ActiveCfg = Debug|Any CPU
		{E5E9836D-1E70-4D9E-9D2B-BFD629B3DB48}.Debug|Any CPU.Build.0 = Debug|Any CPU
		{E5E9836D-1E70-4D9E-9D2B-BFD629B3DB48}.Release|Any CPU.ActiveCfg = Release|Any CPU
		{E5E9836D-1E70-4D9E-9D2B-BFD629B3DB48}.Release|Any CPU.Build.0 = Release|Any CPU
		{CAABCF1A-3A7E-4380-952D-B9BE0C40429B}.Debug|Any CPU.ActiveCfg = Debug|Any CPU
		{CAABCF1A-3A7E-4380-952D-B9BE0C40429B}.Debug|Any CPU.Build.0 = Debug|Any CPU
		{CAABCF1A-3A7E-4380-952D-B9BE0C40429B}.Release|Any CPU.ActiveCfg = Release|Any CPU
		{CAABCF1A-3A7E-4380-952D-B9BE0C40429B}.Release|Any CPU.Build.0 = Release|Any CPU
	EndGlobalSection
EndGlobal
